// !$*UTF8*$!
{
	archiveVersion = 1;
	classes = {
	};
	objectVersion = 56;
	objects = {

/* Begin PBXBuildFile section */
		3AA92C212C490DFC006CA23C /* AppDelegate.swift in Sources */ = {isa = PBXBuildFile; fileRef = 3AA92C202C490DFC006CA23C /* AppDelegate.swift */; };
		3AA92C232C490DFC006CA23C /* SceneDelegate.swift in Sources */ = {isa = PBXBuildFile; fileRef = 3AA92C222C490DFC006CA23C /* SceneDelegate.swift */; };
		3AA92C252C490DFC006CA23C /* ViewController.swift in Sources */ = {isa = PBXBuildFile; fileRef = 3AA92C242C490DFC006CA23C /* ViewController.swift */; };
		3AA92C282C490DFC006CA23C /* Main.storyboard in Resources */ = {isa = PBXBuildFile; fileRef = 3AA92C262C490DFC006CA23C /* Main.storyboard */; };
		3AA92C2A2C490DFD006CA23C /* Assets.xcassets in Resources */ = {isa = PBXBuildFile; fileRef = 3AA92C292C490DFD006CA23C /* Assets.xcassets */; };
		3AA92C2D2C490DFD006CA23C /* LaunchScreen.storyboard in Resources */ = {isa = PBXBuildFile; fileRef = 3AA92C2B2C490DFD006CA23C /* LaunchScreen.storyboard */; };
		3AFDE0DF2C4D557500753C9F /* WeatherManager.swift in Sources */ = {isa = PBXBuildFile; fileRef = 3AFDE0DE2C4D557500753C9F /* WeatherManager.swift */; };
		3AFDE0E12C4F783900753C9F /* WeatherData.swift in Sources */ = {isa = PBXBuildFile; fileRef = 3AFDE0E02C4F783800753C9F /* WeatherData.swift */; };
		3AFDE0E32C4FEBD700753C9F /* WeatherModel.swift in Sources */ = {isa = PBXBuildFile; fileRef = 3AFDE0E22C4FEBD700753C9F /* WeatherModel.swift */; };
/* End PBXBuildFile section */

/* Begin PBXFileReference section */
		3AA92C1D2C490DFC006CA23C /* WeatherApp.app */ = {isa = PBXFileReference; explicitFileType = wrapper.application; includeInIndex = 0; path = WeatherApp.app; sourceTree = BUILT_PRODUCTS_DIR; };
		3AA92C202C490DFC006CA23C /* AppDelegate.swift */ = {isa = PBXFileReference; lastKnownFileType = sourcecode.swift; path = AppDelegate.swift; sourceTree = "<group>"; };
		3AA92C222C490DFC006CA23C /* SceneDelegate.swift */ = {isa = PBXFileReference; lastKnownFileType = sourcecode.swift; path = SceneDelegate.swift; sourceTree = "<group>"; };
		3AA92C242C490DFC006CA23C /* ViewController.swift */ = {isa = PBXFileReference; lastKnownFileType = sourcecode.swift; path = ViewController.swift; sourceTree = "<group>"; };
		3AA92C272C490DFC006CA23C /* Base */ = {isa = PBXFileReference; lastKnownFileType = file.storyboard; name = Base; path = Base.lproj/Main.storyboard; sourceTree = "<group>"; };
		3AA92C292C490DFD006CA23C /* Assets.xcassets */ = {isa = PBXFileReference; lastKnownFileType = folder.assetcatalog; path = Assets.xcassets; sourceTree = "<group>"; };
		3AA92C2C2C490DFD006CA23C /* Base */ = {isa = PBXFileReference; lastKnownFileType = file.storyboard; name = Base; path = Base.lproj/LaunchScreen.storyboard; sourceTree = "<group>"; };
		3AA92C2E2C490DFD006CA23C /* Info.plist */ = {isa = PBXFileReference; lastKnownFileType = text.plist.xml; path = Info.plist; sourceTree = "<group>"; };
		3AFDE0DE2C4D557500753C9F /* WeatherManager.swift */ = {isa = PBXFileReference; lastKnownFileType = sourcecode.swift; path = WeatherManager.swift; sourceTree = "<group>"; };
		3AFDE0E02C4F783800753C9F /* WeatherData.swift */ = {isa = PBXFileReference; lastKnownFileType = sourcecode.swift; path = WeatherData.swift; sourceTree = "<group>"; };
		3AFDE0E22C4FEBD700753C9F /* WeatherModel.swift */ = {isa = PBXFileReference; lastKnownFileType = sourcecode.swift; path = WeatherModel.swift; sourceTree = "<group>"; };
/* End PBXFileReference section */

/* Begin PBXFrameworksBuildPhase section */
		3AA92C1A2C490DFC006CA23C /* Frameworks */ = {
			isa = PBXFrameworksBuildPhase;
			buildActionMask = 2147483647;
			files = (
			);
			runOnlyForDeploymentPostprocessing = 0;
		};
/* End PBXFrameworksBuildPhase section */

/* Begin PBXGroup section */
		3AA92C142C490DFC006CA23C = {
			isa = PBXGroup;
			children = (
				3AA92C1F2C490DFC006CA23C /* WeatherApp */,
				3AA92C1E2C490DFC006CA23C /* Products */,
			);
			sourceTree = "<group>";
		};
		3AA92C1E2C490DFC006CA23C /* Products */ = {
			isa = PBXGroup;
			children = (
				3AA92C1D2C490DFC006CA23C /* WeatherApp.app */,
			);
			name = Products;
			sourceTree = "<group>";
		};
		3AA92C1F2C490DFC006CA23C /* WeatherApp */ = {
			isa = PBXGroup;
			children = (
				3AA92C362C4BAEA4006CA23C /* Model */,
				3AA92C372C4BAEB9006CA23C /* View */,
				3AA92C382C4BAEC2006CA23C /* Controller */,
				3AFDE0E52C5BEF6B00753C9F /* AppResources */,
				3AFDE0E42C5BEF4D00753C9F /* AppHelpers */,
			);
			path = WeatherApp;
			sourceTree = "<group>";
		};
		3AA92C362C4BAEA4006CA23C /* Model */ = {
			isa = PBXGroup;
			children = (
				3AFDE0DE2C4D557500753C9F /* WeatherManager.swift */,
				3AFDE0E02C4F783800753C9F /* WeatherData.swift */,
				3AFDE0E22C4FEBD700753C9F /* WeatherModel.swift */,
			);
			path = Model;
			sourceTree = "<group>";
		};
		3AA92C372C4BAEB9006CA23C /* View */ = {
			isa = PBXGroup;
			children = (
				3AA92C262C490DFC006CA23C /* Main.storyboard */,
			);
			path = View;
			sourceTree = "<group>";
		};
		3AA92C382C4BAEC2006CA23C /* Controller */ = {
			isa = PBXGroup;
			children = (
				3AA92C242C490DFC006CA23C /* ViewController.swift */,
			);
			path = Controller;
			sourceTree = "<group>";
		};
		3AFDE0E42C5BEF4D00753C9F /* AppHelpers */ = {
			isa = PBXGroup;
			children = (
				3AA92C202C490DFC006CA23C /* AppDelegate.swift */,
				3AA92C222C490DFC006CA23C /* SceneDelegate.swift */,
			);
			path = AppHelpers;
			sourceTree = "<group>";
		};
		3AFDE0E52C5BEF6B00753C9F /* AppResources */ = {
			isa = PBXGroup;
			children = (
				3AA92C292C490DFD006CA23C /* Assets.xcassets */,
				3AA92C2B2C490DFD006CA23C /* LaunchScreen.storyboard */,
				3AA92C2E2C490DFD006CA23C /* Info.plist */,
			);
			path = AppResources;
			sourceTree = "<group>";
		};
/* End PBXGroup section */

/* Begin PBXNativeTarget section */
		3AA92C1C2C490DFC006CA23C /* WeatherApp */ = {
			isa = PBXNativeTarget;
			buildConfigurationList = 3AA92C312C490DFD006CA23C /* Build configuration list for PBXNativeTarget "WeatherApp" */;
			buildPhases = (
				3AA92C192C490DFC006CA23C /* Sources */,
				3AA92C1A2C490DFC006CA23C /* Frameworks */,
				3AA92C1B2C490DFC006CA23C /* Resources */,
			);
			buildRules = (
			);
			dependencies = (
			);
			name = WeatherApp;
			productName = WeatherApp;
			productReference = 3AA92C1D2C490DFC006CA23C /* WeatherApp.app */;
			productType = "com.apple.product-type.application";
		};
/* End PBXNativeTarget section */

/* Begin PBXProject section */
		3AA92C152C490DFC006CA23C /* Project object */ = {
			isa = PBXProject;
			attributes = {
				BuildIndependentTargetsInParallel = 1;
				LastSwiftUpdateCheck = 1520;
				LastUpgradeCheck = 1520;
				TargetAttributes = {
					3AA92C1C2C490DFC006CA23C = {
						CreatedOnToolsVersion = 15.2;
					};
				};
			};
			buildConfigurationList = 3AA92C182C490DFC006CA23C /* Build configuration list for PBXProject "WeatherApp" */;
			compatibilityVersion = "Xcode 14.0";
			developmentRegion = en;
			hasScannedForEncodings = 0;
			knownRegions = (
				en,
				Base,
			);
			mainGroup = 3AA92C142C490DFC006CA23C;
			productRefGroup = 3AA92C1E2C490DFC006CA23C /* Products */;
			projectDirPath = "";
			projectRoot = "";
			targets = (
				3AA92C1C2C490DFC006CA23C /* WeatherApp */,
			);
		};
/* End PBXProject section */

/* Begin PBXResourcesBuildPhase section */
		3AA92C1B2C490DFC006CA23C /* Resources */ = {
			isa = PBXResourcesBuildPhase;
			buildActionMask = 2147483647;
			files = (
				3AA92C2D2C490DFD006CA23C /* LaunchScreen.storyboard in Resources */,
				3AA92C2A2C490DFD006CA23C /* Assets.xcassets in Resources */,
				3AA92C282C490DFC006CA23C /* Main.storyboard in Resources */,
			);
			runOnlyForDeploymentPostprocessing = 0;
		};
/* End PBXResourcesBuildPhase section */

/* Begin PBXSourcesBuildPhase section */
		3AA92C192C490DFC006CA23C /* Sources */ = {
			isa = PBXSourcesBuildPhase;
			buildActionMask = 2147483647;
			files = (
				3AA92C252C490DFC006CA23C /* ViewController.swift in Sources */,
				3AA92C212C490DFC006CA23C /* AppDelegate.swift in Sources */,
				3AFDE0DF2C4D557500753C9F /* WeatherManager.swift in Sources */,
				3AFDE0E32C4FEBD700753C9F /* WeatherModel.swift in Sources */,
				3AFDE0E12C4F783900753C9F /* WeatherData.swift in Sources */,
				3AA92C232C490DFC006CA23C /* SceneDelegate.swift in Sources */,
			);
			runOnlyForDeploymentPostprocessing = 0;
		};
/* End PBXSourcesBuildPhase section */

/* Begin PBXVariantGroup section */
		3AA92C262C490DFC006CA23C /* Main.storyboard */ = {
			isa = PBXVariantGroup;
			children = (
				3AA92C272C490DFC006CA23C /* Base */,
			);
			name = Main.storyboard;
			sourceTree = "<group>";
		};
		3AA92C2B2C490DFD006CA23C /* LaunchScreen.storyboard */ = {
			isa = PBXVariantGroup;
			children = (
				3AA92C2C2C490DFD006CA23C /* Base */,
			);
			name = LaunchScreen.storyboard;
			sourceTree = "<group>";
		};
/* End PBXVariantGroup section */

/* Begin XCBuildConfiguration section */
		3AA92C2F2C490DFD006CA23C /* Debug */ = {
			isa = XCBuildConfiguration;
			buildSettings = {
				ALWAYS_SEARCH_USER_PATHS = NO;
				ASSETCATALOG_COMPILER_GENERATE_SWIFT_ASSET_SYMBOL_EXTENSIONS = YES;
				CLANG_ANALYZER_NONNULL = YES;
				CLANG_ANALYZER_NUMBER_OBJECT_CONVERSION = YES_AGGRESSIVE;
				CLANG_CXX_LANGUAGE_STANDARD = "gnu++20";
				CLANG_ENABLE_MODULES = YES;
				CLANG_ENABLE_OBJC_ARC = YES;
				CLANG_ENABLE_OBJC_WEAK = YES;
				CLANG_WARN_BLOCK_CAPTURE_AUTORELEASING = YES;
				CLANG_WARN_BOOL_CONVERSION = YES;
				CLANG_WARN_COMMA = YES;
				CLANG_WARN_CONSTANT_CONVERSION = YES;
				CLANG_WARN_DEPRECATED_OBJC_IMPLEMENTATIONS = YES;
				CLANG_WARN_DIRECT_OBJC_ISA_USAGE = YES_ERROR;
				CLANG_WARN_DOCUMENTATION_COMMENTS = YES;
				CLANG_WARN_EMPTY_BODY = YES;
				CLANG_WARN_ENUM_CONVERSION = YES;
				CLANG_WARN_INFINITE_RECURSION = YES;
				CLANG_WARN_INT_CONVERSION = YES;
				CLANG_WARN_NON_LITERAL_NULL_CONVERSION = YES;
				CLANG_WARN_OBJC_IMPLICIT_RETAIN_SELF = YES;
				CLANG_WARN_OBJC_LITERAL_CONVERSION = YES;
				CLANG_WARN_OBJC_ROOT_CLASS = YES_ERROR;
				CLANG_WARN_QUOTED_INCLUDE_IN_FRAMEWORK_HEADER = YES;
				CLANG_WARN_RANGE_LOOP_ANALYSIS = YES;
				CLANG_WARN_STRICT_PROTOTYPES = YES;
				CLANG_WARN_SUSPICIOUS_MOVE = YES;
				CLANG_WARN_UNGUARDED_AVAILABILITY = YES_AGGRESSIVE;
				CLANG_WARN_UNREACHABLE_CODE = YES;
				CLANG_WARN__DUPLICATE_METHOD_MATCH = YES;
				COPY_PHASE_STRIP = NO;
				DEBUG_INFORMATION_FORMAT = dwarf;
				ENABLE_STRICT_OBJC_MSGSEND = YES;
				ENABLE_TESTABILITY = YES;
				ENABLE_USER_SCRIPT_SANDBOXING = YES;
				GCC_C_LANGUAGE_STANDARD = gnu17;
				GCC_DYNAMIC_NO_PIC = NO;
				GCC_NO_COMMON_BLOCKS = YES;
				GCC_OPTIMIZATION_LEVEL = 0;
				GCC_PREPROCESSOR_DEFINITIONS = (
					"DEBUG=1",
					"$(inherited)",
				);
				GCC_WARN_64_TO_32_BIT_CONVERSION = YES;
				GCC_WARN_ABOUT_RETURN_TYPE = YES_ERROR;
				GCC_WARN_UNDECLARED_SELECTOR = YES;
				GCC_WARN_UNINITIALIZED_AUTOS = YES_AGGRESSIVE;
				GCC_WARN_UNUSED_FUNCTION = YES;
				GCC_WARN_UNUSED_VARIABLE = YES;
				IPHONEOS_DEPLOYMENT_TARGET = 17.2;
				LOCALIZATION_PREFERS_STRING_CATALOGS = YES;
				MTL_ENABLE_DEBUG_INFO = INCLUDE_SOURCE;
				MTL_FAST_MATH = YES;
				ONLY_ACTIVE_ARCH = YES;
				SDKROOT = iphoneos;
				SWIFT_ACTIVE_COMPILATION_CONDITIONS = "DEBUG $(inherited)";
				SWIFT_OPTIMIZATION_LEVEL = "-Onone";
			};
			name = Debug;
		};
		3AA92C302C490DFD006CA23C /* Release */ = {
			isa = XCBuildConfiguration;
			buildSettings = {
				ALWAYS_SEARCH_USER_PATHS = NO;
				ASSETCATALOG_COMPILER_GENERATE_SWIFT_ASSET_SYMBOL_EXTENSIONS = YES;
				CLANG_ANALYZER_NONNULL = YES;
				CLANG_ANALYZER_NUMBER_OBJECT_CONVERSION = YES_AGGRESSIVE;
				CLANG_CXX_LANGUAGE_STANDARD = "gnu++20";
				CLANG_ENABLE_MODULES = YES;
				CLANG_ENABLE_OBJC_ARC = YES;
				CLANG_ENABLE_OBJC_WEAK = YES;
				CLANG_WARN_BLOCK_CAPTURE_AUTORELEASING = YES;
				CLANG_WARN_BOOL_CONVERSION = YES;
				CLANG_WARN_COMMA = YES;
				CLANG_WARN_CONSTANT_CONVERSION = YES;
				CLANG_WARN_DEPRECATED_OBJC_IMPLEMENTATIONS = YES;
				CLANG_WARN_DIRECT_OBJC_ISA_USAGE = YES_ERROR;
				CLANG_WARN_DOCUMENTATION_COMMENTS = YES;
				CLANG_WARN_EMPTY_BODY = YES;
				CLANG_WARN_ENUM_CONVERSION = YES;
				CLANG_WARN_INFINITE_RECURSION = YES;
				CLANG_WARN_INT_CONVERSION = YES;
				CLANG_WARN_NON_LITERAL_NULL_CONVERSION = YES;
				CLANG_WARN_OBJC_IMPLICIT_RETAIN_SELF = YES;
				CLANG_WARN_OBJC_LITERAL_CONVERSION = YES;
				CLANG_WARN_OBJC_ROOT_CLASS = YES_ERROR;
				CLANG_WARN_QUOTED_INCLUDE_IN_FRAMEWORK_HEADER = YES;
				CLANG_WARN_RANGE_LOOP_ANALYSIS = YES;
				CLANG_WARN_STRICT_PROTOTYPES = YES;
				CLANG_WARN_SUSPICIOUS_MOVE = YES;
				CLANG_WARN_UNGUARDED_AVAILABILITY = YES_AGGRESSIVE;
				CLANG_WARN_UNREACHABLE_CODE = YES;
				CLANG_WARN__DUPLICATE_METHOD_MATCH = YES;
				COPY_PHASE_STRIP = NO;
				DEBUG_INFORMATION_FORMAT = "dwarf-with-dsym";
				ENABLE_NS_ASSERTIONS = NO;
				ENABLE_STRICT_OBJC_MSGSEND = YES;
				ENABLE_USER_SCRIPT_SANDBOXING = YES;
				GCC_C_LANGUAGE_STANDARD = gnu17;
				GCC_NO_COMMON_BLOCKS = YES;
				GCC_WARN_64_TO_32_BIT_CONVERSION = YES;
				GCC_WARN_ABOUT_RETURN_TYPE = YES_ERROR;
				GCC_WARN_UNDECLARED_SELECTOR = YES;
				GCC_WARN_UNINITIALIZED_AUTOS = YES_AGGRESSIVE;
				GCC_WARN_UNUSED_FUNCTION = YES;
				GCC_WARN_UNUSED_VARIABLE = YES;
				IPHONEOS_DEPLOYMENT_TARGET = 17.2;
				LOCALIZATION_PREFERS_STRING_CATALOGS = YES;
				MTL_ENABLE_DEBUG_INFO = NO;
				MTL_FAST_MATH = YES;
				SDKROOT = iphoneos;
				SWIFT_COMPILATION_MODE = wholemodule;
				VALIDATE_PRODUCT = YES;
			};
			name = Release;
		};
		3AA92C322C490DFD006CA23C /* Debug */ = {
			isa = XCBuildConfiguration;
			buildSettings = {
				ASSETCATALOG_COMPILER_APPICON_NAME = AppIcon;
				ASSETCATALOG_COMPILER_GLOBAL_ACCENT_COLOR_NAME = AccentColor;
				CODE_SIGN_STYLE = Automatic;
				CURRENT_PROJECT_VERSION = 1;
				DEVELOPMENT_TEAM = B7TK4KB33M;
				GENERATE_INFOPLIST_FILE = YES;
				INFOPLIST_FILE = WeatherApp/Info.plist;
				INFOPLIST_KEY_UIApplicationSupportsIndirectInputEvents = YES;
				INFOPLIST_KEY_UILaunchStoryboardName = LaunchScreen;
				INFOPLIST_KEY_UIMainStoryboardFile = Main;
				INFOPLIST_KEY_UISupportedInterfaceOrientations_iPad = "UIInterfaceOrientationPortrait UIInterfaceOrientationPortraitUpsideDown UIInterfaceOrientationLandscapeLeft UIInterfaceOrientationLandscapeRight";
				INFOPLIST_KEY_UISupportedInterfaceOrientations_iPhone = "UIInterfaceOrientationPortrait UIInterfaceOrientationLandscapeLeft UIInterfaceOrientationLandscapeRight";
				LD_RUNPATH_SEARCH_PATHS = (
					"$(inherited)",
					"@executable_path/Frameworks",
				);
				MARKETING_VERSION = 1.0;
				PRODUCT_BUNDLE_IDENTIFIER = com.goncaseneroglu.WeatherApp;
				PRODUCT_NAME = "$(TARGET_NAME)";
				SWIFT_EMIT_LOC_STRINGS = YES;
				SWIFT_VERSION = 5.0;
				TARGETED_DEVICE_FAMILY = "1,2";
			};
			name = Debug;
		};
		3AA92C332C490DFD006CA23C /* Release */ = {
			isa = XCBuildConfiguration;
			buildSettings = {
				ASSETCATALOG_COMPILER_APPICON_NAME = AppIcon;
				ASSETCATALOG_COMPILER_GLOBAL_ACCENT_COLOR_NAME = AccentColor;
				CODE_SIGN_STYLE = Automatic;
				CURRENT_PROJECT_VERSION = 1;
				DEVELOPMENT_TEAM = B7TK4KB33M;
				GENERATE_INFOPLIST_FILE = YES;
				INFOPLIST_FILE = WeatherApp/Info.plist;
				INFOPLIST_KEY_UIApplicationSupportsIndirectInputEvents = YES;
				INFOPLIST_KEY_UILaunchStoryboardName = LaunchScreen;
				INFOPLIST_KEY_UIMainStoryboardFile = Main;
				INFOPLIST_KEY_UISupportedInterfaceOrientations_iPad = "UIInterfaceOrientationPortrait UIInterfaceOrientationPortraitUpsideDown UIInterfaceOrientationLandscapeLeft UIInterfaceOrientationLandscapeRight";
				INFOPLIST_KEY_UISupportedInterfaceOrientations_iPhone = "UIInterfaceOrientationPortrait UIInterfaceOrientationLandscapeLeft UIInterfaceOrientationLandscapeRight";
				LD_RUNPATH_SEARCH_PATHS = (
					"$(inherited)",
					"@executable_path/Frameworks",
				);
				MARKETING_VERSION = 1.0;
				PRODUCT_BUNDLE_IDENTIFIER = com.goncaseneroglu.WeatherApp;
				PRODUCT_NAME = "$(TARGET_NAME)";
				SWIFT_EMIT_LOC_STRINGS = YES;
				SWIFT_VERSION = 5.0;
				TARGETED_DEVICE_FAMILY = "1,2";
			};
			name = Release;
		};
/* End XCBuildConfiguration section */

/* Begin XCConfigurationList section */
		3AA92C182C490DFC006CA23C /* Build configuration list for PBXProject "WeatherApp" */ = {
			isa = XCConfigurationList;
			buildConfigurations = (
				3AA92C2F2C490DFD006CA23C /* Debug */,
				3AA92C302C490DFD006CA23C /* Release */,
			);
			defaultConfigurationIsVisible = 0;
			defaultConfigurationName = Release;
		};
		3AA92C312C490DFD006CA23C /* Build configuration list for PBXNativeTarget "WeatherApp" */ = {
			isa = XCConfigurationList;
			buildConfigurations = (
				3AA92C322C490DFD006CA23C /* Debug */,
				3AA92C332C490DFD006CA23C /* Release */,
			);
			defaultConfigurationIsVisible = 0;
			defaultConfigurationName = Release;
		};
/* End XCConfigurationList section */
	};
	rootObject = 3AA92C152C490DFC006CA23C /* Project object */;
}
